
Microsoft Visual Studio Solution File, Format Version 12.00
# Visual Studio Version 17
VisualStudioVersion = 17.5.33530.505
MinimumVisualStudioVersion = 10.0.40219.1
Project("{FAE04EC0-301F-11D3-BF4B-00C04F79EFBC}") = "Bluechirp", "Source\Bluechirp\Bluechirp.csproj", "{49E55863-55FE-4075-A73D-D1C9180F63BE}"
EndProject
Project("{9A19103F-16F7-4668-BE54-9A1E7A4F7556}") = "MastoParserLib", "Source\MastoParserLib\MastoParserLib.csproj", "{299B7F74-67B5-4656-93FB-1709EDAA4879}"
EndProject
Project("{9A19103F-16F7-4668-BE54-9A1E7A4F7556}") = "MastoConsolePlayground", "Source\MastoConsolePlayground\MastoConsolePlayground.csproj", "{55DBD5D1-9A62-41E3-854A-BA4C8FADD3ED}"
EndProject
Project("{FAE04EC0-301F-11D3-BF4B-00C04F79EFBC}") = "Bluechirp.Tests", "Source\Bluechirp.Tests\Bluechirp.Tests.csproj", "{E1F6A019-63A4-4C8D-BBD2-5CAEFBD5A8BA}"
EndProject
Project("{FAE04EC0-301F-11D3-BF4B-00C04F79EFBC}") = "Bluechirp.Library", "Source\Bluechirp.Library\Bluechirp.Library.csproj", "{9EBE32CD-5A5C-43F2-8D15-3E2E4CC7CF54}"
EndProject
Global
	GlobalSection(SolutionConfigurationPlatforms) = preSolution
		Debug|Any CPU = Debug|Any CPU
		Debug|ARM = Debug|ARM
		Debug|ARM64 = Debug|ARM64
		Debug|x64 = Debug|x64
		Debug|x86 = Debug|x86
		Release|Any CPU = Release|Any CPU
		Release|ARM = Release|ARM
		Release|ARM64 = Release|ARM64
		Release|x64 = Release|x64
		Release|x86 = Release|x86
	EndGlobalSection
	GlobalSection(ProjectConfigurationPlatforms) = postSolution
		{49E55863-55FE-4075-A73D-D1C9180F63BE}.Debug|Any CPU.ActiveCfg = Debug|x86
		{49E55863-55FE-4075-A73D-D1C9180F63BE}.Debug|Any CPU.Build.0 = Debug|x86
		{49E55863-55FE-4075-A73D-D1C9180F63BE}.Debug|Any CPU.Deploy.0 = Debug|x86
		{49E55863-55FE-4075-A73D-D1C9180F63BE}.Debug|ARM.ActiveCfg = Debug|ARM
		{49E55863-55FE-4075-A73D-D1C9180F63BE}.Debug|ARM.Build.0 = Debug|ARM
		{49E55863-55FE-4075-A73D-D1C9180F63BE}.Debug|ARM.Deploy.0 = Debug|ARM
		{49E55863-55FE-4075-A73D-D1C9180F63BE}.Debug|ARM64.ActiveCfg = Debug|ARM64
		{49E55863-55FE-4075-A73D-D1C9180F63BE}.Debug|ARM64.Build.0 = Debug|ARM64
		{49E55863-55FE-4075-A73D-D1C9180F63BE}.Debug|ARM64.Deploy.0 = Debug|ARM64
		{49E55863-55FE-4075-A73D-D1C9180F63BE}.Debug|x64.ActiveCfg = Debug|x64
		{49E55863-55FE-4075-A73D-D1C9180F63BE}.Debug|x64.Build.0 = Debug|x64
		{49E55863-55FE-4075-A73D-D1C9180F63BE}.Debug|x64.Deploy.0 = Debug|x64
		{49E55863-55FE-4075-A73D-D1C9180F63BE}.Debug|x86.ActiveCfg = Debug|x86
		{49E55863-55FE-4075-A73D-D1C9180F63BE}.Debug|x86.Build.0 = Debug|x86
		{49E55863-55FE-4075-A73D-D1C9180F63BE}.Debug|x86.Deploy.0 = Debug|x86
		{49E55863-55FE-4075-A73D-D1C9180F63BE}.Release|Any CPU.ActiveCfg = Release|x86
		{49E55863-55FE-4075-A73D-D1C9180F63BE}.Release|Any CPU.Build.0 = Release|x86
		{49E55863-55FE-4075-A73D-D1C9180F63BE}.Release|Any CPU.Deploy.0 = Release|x86
		{49E55863-55FE-4075-A73D-D1C9180F63BE}.Release|ARM.ActiveCfg = Release|ARM
		{49E55863-55FE-4075-A73D-D1C9180F63BE}.Release|ARM.Build.0 = Release|ARM
		{49E55863-55FE-4075-A73D-D1C9180F63BE}.Release|ARM.Deploy.0 = Release|ARM
		{49E55863-55FE-4075-A73D-D1C9180F63BE}.Release|ARM64.ActiveCfg = Release|ARM64
		{49E55863-55FE-4075-A73D-D1C9180F63BE}.Release|ARM64.Build.0 = Release|ARM64
		{49E55863-55FE-4075-A73D-D1C9180F63BE}.Release|ARM64.Deploy.0 = Release|ARM64
		{49E55863-55FE-4075-A73D-D1C9180F63BE}.Release|x64.ActiveCfg = Release|x64
		{49E55863-55FE-4075-A73D-D1C9180F63BE}.Release|x64.Build.0 = Release|x64
		{49E55863-55FE-4075-A73D-D1C9180F63BE}.Release|x64.Deploy.0 = Release|x64
		{49E55863-55FE-4075-A73D-D1C9180F63BE}.Release|x86.ActiveCfg = Release|x86
		{49E55863-55FE-4075-A73D-D1C9180F63BE}.Release|x86.Build.0 = Release|x86
		{49E55863-55FE-4075-A73D-D1C9180F63BE}.Release|x86.Deploy.0 = Release|x86
		{299B7F74-67B5-4656-93FB-1709EDAA4879}.Debug|Any CPU.ActiveCfg = Debug|Any CPU
		{299B7F74-67B5-4656-93FB-1709EDAA4879}.Debug|Any CPU.Build.0 = Debug|Any CPU
		{299B7F74-67B5-4656-93FB-1709EDAA4879}.Debug|ARM.ActiveCfg = Debug|Any CPU
		{299B7F74-67B5-4656-93FB-1709EDAA4879}.Debug|ARM.Build.0 = Debug|Any CPU
		{299B7F74-67B5-4656-93FB-1709EDAA4879}.Debug|ARM64.ActiveCfg = Debug|Any CPU
		{299B7F74-67B5-4656-93FB-1709EDAA4879}.Debug|ARM64.Build.0 = Debug|Any CPU
		{299B7F74-67B5-4656-93FB-1709EDAA4879}.Debug|x64.ActiveCfg = Debug|Any CPU
		{299B7F74-67B5-4656-93FB-1709EDAA4879}.Debug|x64.Build.0 = Debug|Any CPU
		{299B7F74-67B5-4656-93FB-1709EDAA4879}.Debug|x86.ActiveCfg = Debug|Any CPU
		{299B7F74-67B5-4656-93FB-1709EDAA4879}.Debug|x86.Build.0 = Debug|Any CPU
		{299B7F74-67B5-4656-93FB-1709EDAA4879}.Release|Any CPU.ActiveCfg = Release|Any CPU
		{299B7F74-67B5-4656-93FB-1709EDAA4879}.Release|Any CPU.Build.0 = Release|Any CPU
		{299B7F74-67B5-4656-93FB-1709EDAA4879}.Release|ARM.ActiveCfg = Release|Any CPU
		{299B7F74-67B5-4656-93FB-1709EDAA4879}.Release|ARM.Build.0 = Release|Any CPU
		{299B7F74-67B5-4656-93FB-1709EDAA4879}.Release|ARM64.ActiveCfg = Release|Any CPU
		{299B7F74-67B5-4656-93FB-1709EDAA4879}.Release|ARM64.Build.0 = Release|Any CPU
		{299B7F74-67B5-4656-93FB-1709EDAA4879}.Release|x64.ActiveCfg = Release|Any CPU
		{299B7F74-67B5-4656-93FB-1709EDAA4879}.Release|x64.Build.0 = Release|Any CPU
		{299B7F74-67B5-4656-93FB-1709EDAA4879}.Release|x86.ActiveCfg = Release|Any CPU
		{299B7F74-67B5-4656-93FB-1709EDAA4879}.Release|x86.Build.0 = Release|Any CPU
		{55DBD5D1-9A62-41E3-854A-BA4C8FADD3ED}.Debug|Any CPU.ActiveCfg = Debug|Any CPU
		{55DBD5D1-9A62-41E3-854A-BA4C8FADD3ED}.Debug|Any CPU.Build.0 = Debug|Any CPU
		{55DBD5D1-9A62-41E3-854A-BA4C8FADD3ED}.Debug|ARM.ActiveCfg = Debug|Any CPU
		{55DBD5D1-9A62-41E3-854A-BA4C8FADD3ED}.Debug|ARM.Build.0 = Debug|Any CPU
		{55DBD5D1-9A62-41E3-854A-BA4C8FADD3ED}.Debug|ARM64.ActiveCfg = Debug|Any CPU
		{55DBD5D1-9A62-41E3-854A-BA4C8FADD3ED}.Debug|ARM64.Build.0 = Debug|Any CPU
		{55DBD5D1-9A62-41E3-854A-BA4C8FADD3ED}.Debug|x64.ActiveCfg = Debug|Any CPU
		{55DBD5D1-9A62-41E3-854A-BA4C8FADD3ED}.Debug|x64.Build.0 = Debug|Any CPU
		{55DBD5D1-9A62-41E3-854A-BA4C8FADD3ED}.Debug|x86.ActiveCfg = Debug|Any CPU
		{55DBD5D1-9A62-41E3-854A-BA4C8FADD3ED}.Debug|x86.Build.0 = Debug|Any CPU
		{55DBD5D1-9A62-41E3-854A-BA4C8FADD3ED}.Release|Any CPU.ActiveCfg = Release|Any CPU
		{55DBD5D1-9A62-41E3-854A-BA4C8FADD3ED}.Release|Any CPU.Build.0 = Release|Any CPU
		{55DBD5D1-9A62-41E3-854A-BA4C8FADD3ED}.Release|ARM.ActiveCfg = Release|Any CPU
		{55DBD5D1-9A62-41E3-854A-BA4C8FADD3ED}.Release|ARM.Build.0 = Release|Any CPU
		{55DBD5D1-9A62-41E3-854A-BA4C8FADD3ED}.Release|ARM64.ActiveCfg = Release|Any CPU
		{55DBD5D1-9A62-41E3-854A-BA4C8FADD3ED}.Release|ARM64.Build.0 = Release|Any CPU
		{55DBD5D1-9A62-41E3-854A-BA4C8FADD3ED}.Release|x64.ActiveCfg = Release|Any CPU
		{55DBD5D1-9A62-41E3-854A-BA4C8FADD3ED}.Release|x64.Build.0 = Release|Any CPU
		{55DBD5D1-9A62-41E3-854A-BA4C8FADD3ED}.Release|x86.ActiveCfg = Release|Any CPU
		{55DBD5D1-9A62-41E3-854A-BA4C8FADD3ED}.Release|x86.Build.0 = Release|Any CPU
		{E1F6A019-63A4-4C8D-BBD2-5CAEFBD5A8BA}.Debug|Any CPU.ActiveCfg = Debug|Any CPU
		{E1F6A019-63A4-4C8D-BBD2-5CAEFBD5A8BA}.Debug|Any CPU.Build.0 = Debug|Any CPU
		{E1F6A019-63A4-4C8D-BBD2-5CAEFBD5A8BA}.Debug|ARM.ActiveCfg = Debug|ARM
		{E1F6A019-63A4-4C8D-BBD2-5CAEFBD5A8BA}.Debug|ARM.Build.0 = Debug|ARM
		{E1F6A019-63A4-4C8D-BBD2-5CAEFBD5A8BA}.Debug|ARM.Deploy.0 = Debug|ARM
		{E1F6A019-63A4-4C8D-BBD2-5CAEFBD5A8BA}.Debug|ARM64.ActiveCfg = Debug|ARM64
		{E1F6A019-63A4-4C8D-BBD2-5CAEFBD5A8BA}.Debug|ARM64.Build.0 = Debug|ARM64
		{E1F6A019-63A4-4C8D-BBD2-5CAEFBD5A8BA}.Debug|ARM64.Deploy.0 = Debug|ARM64
		{E1F6A019-63A4-4C8D-BBD2-5CAEFBD5A8BA}.Debug|x64.ActiveCfg = Debug|x64
		{E1F6A019-63A4-4C8D-BBD2-5CAEFBD5A8BA}.Debug|x64.Build.0 = Debug|x64
		{E1F6A019-63A4-4C8D-BBD2-5CAEFBD5A8BA}.Debug|x64.Deploy.0 = Debug|x64
		{E1F6A019-63A4-4C8D-BBD2-5CAEFBD5A8BA}.Debug|x86.ActiveCfg = Debug|x86
		{E1F6A019-63A4-4C8D-BBD2-5CAEFBD5A8BA}.Debug|x86.Build.0 = Debug|x86
		{E1F6A019-63A4-4C8D-BBD2-5CAEFBD5A8BA}.Debug|x86.Deploy.0 = Debug|x86
		{E1F6A019-63A4-4C8D-BBD2-5CAEFBD5A8BA}.Release|Any CPU.ActiveCfg = Release|Any CPU
		{E1F6A019-63A4-4C8D-BBD2-5CAEFBD5A8BA}.Release|Any CPU.Build.0 = Release|Any CPU
		{E1F6A019-63A4-4C8D-BBD2-5CAEFBD5A8BA}.Release|ARM.ActiveCfg = Release|ARM
		{E1F6A019-63A4-4C8D-BBD2-5CAEFBD5A8BA}.Release|ARM.Build.0 = Release|ARM
		{E1F6A019-63A4-4C8D-BBD2-5CAEFBD5A8BA}.Release|ARM.Deploy.0 = Release|ARM
		{E1F6A019-63A4-4C8D-BBD2-5CAEFBD5A8BA}.Release|ARM64.ActiveCfg = Release|ARM64
		{E1F6A019-63A4-4C8D-BBD2-5CAEFBD5A8BA}.Release|ARM64.Build.0 = Release|ARM64
		{E1F6A019-63A4-4C8D-BBD2-5CAEFBD5A8BA}.Release|ARM64.Deploy.0 = Release|ARM64
		{E1F6A019-63A4-4C8D-BBD2-5CAEFBD5A8BA}.Release|x64.ActiveCfg = Release|x64
		{E1F6A019-63A4-4C8D-BBD2-5CAEFBD5A8BA}.Release|x64.Build.0 = Release|x64
		{E1F6A019-63A4-4C8D-BBD2-5CAEFBD5A8BA}.Release|x64.Deploy.0 = Release|x64
		{E1F6A019-63A4-4C8D-BBD2-5CAEFBD5A8BA}.Release|x86.ActiveCfg = Release|x86
		{E1F6A019-63A4-4C8D-BBD2-5CAEFBD5A8BA}.Release|x86.Build.0 = Release|x86
		{E1F6A019-63A4-4C8D-BBD2-5CAEFBD5A8BA}.Release|x86.Deploy.0 = Release|x86
		{9EBE32CD-5A5C-43F2-8D15-3E2E4CC7CF54}.Debug|Any CPU.ActiveCfg = Debug|Any CPU
		{9EBE32CD-5A5C-43F2-8D15-3E2E4CC7CF54}.Debug|Any CPU.Build.0 = Debug|Any CPU
		{9EBE32CD-5A5C-43F2-8D15-3E2E4CC7CF54}.Debug|ARM.ActiveCfg = Debug|ARM
		{9EBE32CD-5A5C-43F2-8D15-3E2E4CC7CF54}.Debug|ARM.Build.0 = Debug|ARM
		{9EBE32CD-5A5C-43F2-8D15-3E2E4CC7CF54}.Debug|ARM64.ActiveCfg = Debug|ARM64
		{9EBE32CD-5A5C-43F2-8D15-3E2E4CC7CF54}.Debug|ARM64.Build.0 = Debug|ARM64
		{9EBE32CD-5A5C-43F2-8D15-3E2E4CC7CF54}.Debug|x64.ActiveCfg = Debug|x64
		{9EBE32CD-5A5C-43F2-8D15-3E2E4CC7CF54}.Debug|x64.Build.0 = Debug|x64
		{9EBE32CD-5A5C-43F2-8D15-3E2E4CC7CF54}.Debug|x86.ActiveCfg = Debug|x86
		{9EBE32CD-5A5C-43F2-8D15-3E2E4CC7CF54}.Debug|x86.Build.0 = Debug|x86
		{9EBE32CD-5A5C-43F2-8D15-3E2E4CC7CF54}.Release|Any CPU.ActiveCfg = Release|Any CPU
		{9EBE32CD-5A5C-43F2-8D15-3E2E4CC7CF54}.Release|Any CPU.Build.0 = Release|Any CPU
		{9EBE32CD-5A5C-43F2-8D15-3E2E4CC7CF54}.Release|ARM.ActiveCfg = Release|ARM
		{9EBE32CD-5A5C-43F2-8D15-3E2E4CC7CF54}.Release|ARM.Build.0 = Release|ARM
		{9EBE32CD-5A5C-43F2-8D15-3E2E4CC7CF54}.Release|ARM64.ActiveCfg = Release|ARM64
		{9EBE32CD-5A5C-43F2-8D15-3E2E4CC7CF54}.Release|ARM64.Build.0 = Release|ARM64
		{9EBE32CD-5A5C-43F2-8D15-3E2E4CC7CF54}.Release|x64.ActiveCfg = Release|x64
		{9EBE32CD-5A5C-43F2-8D15-3E2E4CC7CF54}.Release|x64.Build.0 = Release|x64
		{9EBE32CD-5A5C-43F2-8D15-3E2E4CC7CF54}.Release|x86.ActiveCfg = Release|x86
		{9EBE32CD-5A5C-43F2-8D15-3E2E4CC7CF54}.Release|x86.Build.0 = Release|x86
	EndGlobalSection
	GlobalSection(SolutionProperties) = preSolution
		HideSolutionNode = FALSE
	EndGlobalSection
	GlobalSection(ExtensibilityGlobals) = postSolution
		SolutionGuid = {7D20B477-8C14-4977-A8AD-8100F0099D63}
	EndGlobalSection
EndGlobal
