
Microsoft Visual Studio Solution File, Format Version 12.00
# Visual Studio Version 16
VisualStudioVersion = 16.0.28729.10
MinimumVisualStudioVersion = 10.0.40219.1
Project("{FAE04EC0-301F-11D3-BF4B-00C04F79EFBC}") = "Tooter", "Tooter\Tooter.csproj", "{49E55863-55FE-4075-A73D-D1C9180F63BE}"
EndProject
Project("{FAE04EC0-301F-11D3-BF4B-00C04F79EFBC}") = "MastoParser", "MastoParser\MastoParser.csproj", "{A41BABC5-45D5-4D5F-B43A-E94072B716FB}"
EndProject
Project("{FAE04EC0-301F-11D3-BF4B-00C04F79EFBC}") = "ConsolePlayground", "ConsolePlayground\ConsolePlayground.csproj", "{1B5B1A67-0002-476B-B255-6A4E569EBAA7}"
EndProject
Global
	GlobalSection(SolutionConfigurationPlatforms) = preSolution
		Debug|Any CPU = Debug|Any CPU
		Debug|ARM = Debug|ARM
		Debug|ARM64 = Debug|ARM64
		Debug|x64 = Debug|x64
		Debug|x86 = Debug|x86
		Release|Any CPU = Release|Any CPU
		Release|ARM = Release|ARM
		Release|ARM64 = Release|ARM64
		Release|x64 = Release|x64
		Release|x86 = Release|x86
	EndGlobalSection
	GlobalSection(ProjectConfigurationPlatforms) = postSolution
		{49E55863-55FE-4075-A73D-D1C9180F63BE}.Debug|Any CPU.ActiveCfg = Debug|x86
		{49E55863-55FE-4075-A73D-D1C9180F63BE}.Debug|ARM.ActiveCfg = Debug|ARM
		{49E55863-55FE-4075-A73D-D1C9180F63BE}.Debug|ARM.Build.0 = Debug|ARM
		{49E55863-55FE-4075-A73D-D1C9180F63BE}.Debug|ARM.Deploy.0 = Debug|ARM
		{49E55863-55FE-4075-A73D-D1C9180F63BE}.Debug|ARM64.ActiveCfg = Debug|ARM64
		{49E55863-55FE-4075-A73D-D1C9180F63BE}.Debug|ARM64.Build.0 = Debug|ARM64
		{49E55863-55FE-4075-A73D-D1C9180F63BE}.Debug|ARM64.Deploy.0 = Debug|ARM64
		{49E55863-55FE-4075-A73D-D1C9180F63BE}.Debug|x64.ActiveCfg = Debug|x64
		{49E55863-55FE-4075-A73D-D1C9180F63BE}.Debug|x64.Build.0 = Debug|x64
		{49E55863-55FE-4075-A73D-D1C9180F63BE}.Debug|x64.Deploy.0 = Debug|x64
		{49E55863-55FE-4075-A73D-D1C9180F63BE}.Debug|x86.ActiveCfg = Debug|x86
		{49E55863-55FE-4075-A73D-D1C9180F63BE}.Debug|x86.Build.0 = Debug|x86
		{49E55863-55FE-4075-A73D-D1C9180F63BE}.Debug|x86.Deploy.0 = Debug|x86
		{49E55863-55FE-4075-A73D-D1C9180F63BE}.Release|Any CPU.ActiveCfg = Release|x86
		{49E55863-55FE-4075-A73D-D1C9180F63BE}.Release|ARM.ActiveCfg = Release|ARM
		{49E55863-55FE-4075-A73D-D1C9180F63BE}.Release|ARM.Build.0 = Release|ARM
		{49E55863-55FE-4075-A73D-D1C9180F63BE}.Release|ARM.Deploy.0 = Release|ARM
		{49E55863-55FE-4075-A73D-D1C9180F63BE}.Release|ARM64.ActiveCfg = Release|ARM64
		{49E55863-55FE-4075-A73D-D1C9180F63BE}.Release|ARM64.Build.0 = Release|ARM64
		{49E55863-55FE-4075-A73D-D1C9180F63BE}.Release|ARM64.Deploy.0 = Release|ARM64
		{49E55863-55FE-4075-A73D-D1C9180F63BE}.Release|x64.ActiveCfg = Release|x64
		{49E55863-55FE-4075-A73D-D1C9180F63BE}.Release|x64.Build.0 = Release|x64
		{49E55863-55FE-4075-A73D-D1C9180F63BE}.Release|x64.Deploy.0 = Release|x64
		{49E55863-55FE-4075-A73D-D1C9180F63BE}.Release|x86.ActiveCfg = Release|x86
		{49E55863-55FE-4075-A73D-D1C9180F63BE}.Release|x86.Build.0 = Release|x86
		{49E55863-55FE-4075-A73D-D1C9180F63BE}.Release|x86.Deploy.0 = Release|x86
		{A41BABC5-45D5-4D5F-B43A-E94072B716FB}.Debug|Any CPU.ActiveCfg = Debug|Any CPU
		{A41BABC5-45D5-4D5F-B43A-E94072B716FB}.Debug|Any CPU.Build.0 = Debug|Any CPU
		{A41BABC5-45D5-4D5F-B43A-E94072B716FB}.Debug|ARM.ActiveCfg = Debug|Any CPU
		{A41BABC5-45D5-4D5F-B43A-E94072B716FB}.Debug|ARM.Build.0 = Debug|Any CPU
		{A41BABC5-45D5-4D5F-B43A-E94072B716FB}.Debug|ARM64.ActiveCfg = Debug|Any CPU
		{A41BABC5-45D5-4D5F-B43A-E94072B716FB}.Debug|ARM64.Build.0 = Debug|Any CPU
		{A41BABC5-45D5-4D5F-B43A-E94072B716FB}.Debug|x64.ActiveCfg = Debug|Any CPU
		{A41BABC5-45D5-4D5F-B43A-E94072B716FB}.Debug|x64.Build.0 = Debug|Any CPU
		{A41BABC5-45D5-4D5F-B43A-E94072B716FB}.Debug|x86.ActiveCfg = Debug|Any CPU
		{A41BABC5-45D5-4D5F-B43A-E94072B716FB}.Debug|x86.Build.0 = Debug|Any CPU
		{A41BABC5-45D5-4D5F-B43A-E94072B716FB}.Release|Any CPU.ActiveCfg = Release|Any CPU
		{A41BABC5-45D5-4D5F-B43A-E94072B716FB}.Release|Any CPU.Build.0 = Release|Any CPU
		{A41BABC5-45D5-4D5F-B43A-E94072B716FB}.Release|ARM.ActiveCfg = Release|Any CPU
		{A41BABC5-45D5-4D5F-B43A-E94072B716FB}.Release|ARM.Build.0 = Release|Any CPU
		{A41BABC5-45D5-4D5F-B43A-E94072B716FB}.Release|ARM64.ActiveCfg = Release|Any CPU
		{A41BABC5-45D5-4D5F-B43A-E94072B716FB}.Release|ARM64.Build.0 = Release|Any CPU
		{A41BABC5-45D5-4D5F-B43A-E94072B716FB}.Release|x64.ActiveCfg = Release|Any CPU
		{A41BABC5-45D5-4D5F-B43A-E94072B716FB}.Release|x64.Build.0 = Release|Any CPU
		{A41BABC5-45D5-4D5F-B43A-E94072B716FB}.Release|x86.ActiveCfg = Release|Any CPU
		{A41BABC5-45D5-4D5F-B43A-E94072B716FB}.Release|x86.Build.0 = Release|Any CPU
		{1B5B1A67-0002-476B-B255-6A4E569EBAA7}.Debug|Any CPU.ActiveCfg = Debug|Any CPU
		{1B5B1A67-0002-476B-B255-6A4E569EBAA7}.Debug|Any CPU.Build.0 = Debug|Any CPU
		{1B5B1A67-0002-476B-B255-6A4E569EBAA7}.Debug|ARM.ActiveCfg = Debug|Any CPU
		{1B5B1A67-0002-476B-B255-6A4E569EBAA7}.Debug|ARM.Build.0 = Debug|Any CPU
		{1B5B1A67-0002-476B-B255-6A4E569EBAA7}.Debug|ARM64.ActiveCfg = Debug|Any CPU
		{1B5B1A67-0002-476B-B255-6A4E569EBAA7}.Debug|ARM64.Build.0 = Debug|Any CPU
		{1B5B1A67-0002-476B-B255-6A4E569EBAA7}.Debug|x64.ActiveCfg = Debug|Any CPU
		{1B5B1A67-0002-476B-B255-6A4E569EBAA7}.Debug|x64.Build.0 = Debug|Any CPU
		{1B5B1A67-0002-476B-B255-6A4E569EBAA7}.Debug|x86.ActiveCfg = Debug|Any CPU
		{1B5B1A67-0002-476B-B255-6A4E569EBAA7}.Debug|x86.Build.0 = Debug|Any CPU
		{1B5B1A67-0002-476B-B255-6A4E569EBAA7}.Release|Any CPU.ActiveCfg = Release|Any CPU
		{1B5B1A67-0002-476B-B255-6A4E569EBAA7}.Release|Any CPU.Build.0 = Release|Any CPU
		{1B5B1A67-0002-476B-B255-6A4E569EBAA7}.Release|ARM.ActiveCfg = Release|Any CPU
		{1B5B1A67-0002-476B-B255-6A4E569EBAA7}.Release|ARM.Build.0 = Release|Any CPU
		{1B5B1A67-0002-476B-B255-6A4E569EBAA7}.Release|ARM64.ActiveCfg = Release|Any CPU
		{1B5B1A67-0002-476B-B255-6A4E569EBAA7}.Release|ARM64.Build.0 = Release|Any CPU
		{1B5B1A67-0002-476B-B255-6A4E569EBAA7}.Release|x64.ActiveCfg = Release|Any CPU
		{1B5B1A67-0002-476B-B255-6A4E569EBAA7}.Release|x64.Build.0 = Release|Any CPU
		{1B5B1A67-0002-476B-B255-6A4E569EBAA7}.Release|x86.ActiveCfg = Release|Any CPU
		{1B5B1A67-0002-476B-B255-6A4E569EBAA7}.Release|x86.Build.0 = Release|Any CPU
	EndGlobalSection
	GlobalSection(SolutionProperties) = preSolution
		HideSolutionNode = FALSE
	EndGlobalSection
	GlobalSection(ExtensibilityGlobals) = postSolution
		SolutionGuid = {7D20B477-8C14-4977-A8AD-8100F0099D63}
	EndGlobalSection
EndGlobal
